{
  "name": "clientside-view-modal-login_signup",
  "version": "1.0.6",
  "lockfileVersion": 1,
  "requires": true,
  "dependencies": {
    "clientside-view-button": {
      "version": "1.2.1",
      "resolved": "https://registry.npmjs.org/clientside-view-button/-/clientside-view-button-1.2.1.tgz",
      "integrity": "sha512-Iz3SiGbwtlcXfEyamsKVnZo+V71In+5uBvm29DImakJ/u4NsGAGh0D2t4U9zHfnAerHwYP+yLF7t3/e9xM4Owg=="
    },
    "clientside-view-input-text": {
      "version": "1.3.6",
      "resolved": "https://registry.npmjs.org/clientside-view-input-text/-/clientside-view-input-text-1.3.6.tgz",
      "integrity": "sha512-l6lu+m/ZyyHno3+Vc5NdViNPSTTqR32fLshoo0qo+e48qUyVF1x88sKwkvreZ1N0xrWWXmicvzVFRMTW/k4EfA==",
      "requires": {
        "clientside-view-loader": "1.3.3"
      }
    },
    "clientside-view-loader": {
      "version": "1.3.3",
      "resolved": "https://registry.npmjs.org/clientside-view-loader/-/clientside-view-loader-1.3.3.tgz",
      "integrity": "sha512-0wEKEigrW5ro/LA/Bx8l8hR7dw+9X14zTSiF2eVFlzXUJsmixMSwzIHk37n4G5BiYmFN2jdKMZ4Ikw04CRERiQ==",
      "requires": {
        "clientside-require": "4.0.0"
      },
      "dependencies": {
        "clientside-require": {
          "version": "4.0.0",
          "resolved": "https://registry.npmjs.org/clientside-require/-/clientside-require-4.0.0.tgz",
          "integrity": "sha512-KI+gKnMPmKZ0Jgn5z5Qi+a7tYbbcepUAGjAoyaMav9cSUGncwa+9ZLPxvUx2eXVTGQeaf/L2KdcH0Lr2srN/BQ=="
        }
      }
    }
  }
}
