{
  "name": "clientside-view-modal-login_signup",
  "version": "1.0.6",
  "lockfileVersion": 1,
  "requires": true,
  "dependencies": {
    "clientside-require": {
      "version": "4.0.0",
      "resolved": "https://registry.npmjs.org/clientside-require/-/clientside-require-4.0.0.tgz",
      "integrity": "sha512-KI+gKnMPmKZ0Jgn5z5Qi+a7tYbbcepUAGjAoyaMav9cSUGncwa+9ZLPxvUx2eXVTGQeaf/L2KdcH0Lr2srN/BQ=="
    },
    "clientside-view-button": {
      "version": "1.2.2",
      "resolved": "https://registry.npmjs.org/clientside-view-button/-/clientside-view-button-1.2.2.tgz",
      "integrity": "sha512-6NPyC18i3dOi4QtwaYMW4YjP05F33fJir/llKyd6iJbpdpmROnzjJa6LUschJ1C0Vhat8qDbMIaIiousAbzqwQ==",
      "requires": {
        "clientside-require": "4.0.0"
      }
    },
    "clientside-view-input-text": {
      "version": "1.3.7",
      "resolved": "https://registry.npmjs.org/clientside-view-input-text/-/clientside-view-input-text-1.3.7.tgz",
      "integrity": "sha512-2bQPUhT/m4vtKjBQAAQYcTGoUmlXzCGeEoGaVXkFRo0GHD69aI63E+NFGLyIFBNiFlk2GgZeIKONlIe49fin/A==",
      "requires": {
        "clientside-view-loader": "1.3.3"
      }
    },
    "clientside-view-loader": {
      "version": "1.3.3",
      "resolved": "https://registry.npmjs.org/clientside-view-loader/-/clientside-view-loader-1.3.3.tgz",
      "integrity": "sha512-0wEKEigrW5ro/LA/Bx8l8hR7dw+9X14zTSiF2eVFlzXUJsmixMSwzIHk37n4G5BiYmFN2jdKMZ4Ikw04CRERiQ==",
      "requires": {
        "clientside-require": "4.0.0"
      },
      "dependencies": {
        "clientside-require": {
          "version": "4.0.0",
          "resolved": "https://registry.npmjs.org/clientside-require/-/clientside-require-4.0.0.tgz",
          "integrity": "sha512-KI+gKnMPmKZ0Jgn5z5Qi+a7tYbbcepUAGjAoyaMav9cSUGncwa+9ZLPxvUx2eXVTGQeaf/L2KdcH0Lr2srN/BQ=="
        }
      }
    }
  }
}
