{
  "name": "clientside-view-modal-login_signup",
  "version": "1.0.0",
  "lockfileVersion": 1,
  "requires": true,
  "dependencies": {
    "clientside-module-manager": {
      "version": "0.0.13",
      "resolved": "https://registry.npmjs.org/clientside-module-manager/-/clientside-module-manager-0.0.13.tgz",
      "integrity": "sha512-J2yxOJ0+lKQ6Ste5spafV91ngSmGdfDvAHdSuintB+NNSGORC8QAivpJGUM702i+9SNHxWEQONq0t4NMWujKTg=="
    },
    "clientside-view-button": {
      "version": "1.0.0",
      "resolved": "https://registry.npmjs.org/clientside-view-button/-/clientside-view-button-1.0.0.tgz",
      "integrity": "sha512-CVIixYJYN/dNNAiocsHzK8nBtsJ72l2Xu8Ow8o5jeZFkxcIzTU3w0ieiRWB/b8kzyEFn/Rmqu96OQsbAKkzUAQ=="
    },
    "clientside-view-input-text": {
      "version": "1.0.1",
      "resolved": "https://registry.npmjs.org/clientside-view-input-text/-/clientside-view-input-text-1.0.1.tgz",
      "integrity": "sha512-GeJDE+iRxgLjn2xCFz0ijBCSz3T+wwPu+qaK82oSCbe62RjGE3lEkGLtVMdyRbR8T/kOq2FPI2kQRmIRW16hXQ==",
      "requires": {
        "clientside-view-loader": "1.0.2"
      }
    },
    "clientside-view-loader": {
      "version": "1.0.2",
      "resolved": "https://registry.npmjs.org/clientside-view-loader/-/clientside-view-loader-1.0.2.tgz",
      "integrity": "sha512-GkLhoOOqoyRdPJj2iuJx6cVzkcsh2OqSVSWtZYU9LN4z8xdK6fmhO2yFGoAuBb71tBVSJ1ZhnkGGqmLzxhDxsw==",
      "requires": {
        "clientside-module-manager": "0.0.13"
      }
    }
  }
}
